
Microsoft Visual Studio Solution File, Format Version 12.00
# Visual Studio Version 17
VisualStudioVersion = 17.1.32328.378
MinimumVisualStudioVersion = 10.0.40219.1
Project("{FAE04EC0-301F-11D3-BF4B-00C04F79EFBC}") = "Acme", "Acme\Acme.csproj", "{CDEA76B8-CED0-4424-B952-6E80FB830750}"
EndProject
Global
	GlobalSection(SolutionConfigurationPlatforms) = preSolution
		Debug|Any CPU = Debug|Any CPU
		Release|Any CPU = Release|Any CPU
	EndGlobalSection
	GlobalSection(ProjectConfigurationPlatforms) = postSolution
		{CDEA76B8-CED0-4424-B952-6E80FB830750}.Debug|Any CPU.ActiveCfg = Debug|Any CPU
		{CDEA76B8-CED0-4424-B952-6E80FB830750}.Debug|Any CPU.Build.0 = Debug|Any CPU
		{CDEA76B8-CED0-4424-B952-6E80FB830750}.Release|Any CPU.ActiveCfg = Release|Any CPU
		{CDEA76B8-CED0-4424-B952-6E80FB830750}.Release|Any CPU.Build.0 = Release|Any CPU
	EndGlobalSection
	GlobalSection(SolutionProperties) = preSolution
		HideSolutionNode = FALSE
	EndGlobalSection
	GlobalSection(ExtensibilityGlobals) = postSolution
		SolutionGuid = {78EEC057-B2EB-49D2-96A0-7357F5911C9A}
	EndGlobalSection
EndGlobal
